
Microsoft Visual Studio Solution File, Format Version 12.00
# Visual Studio Version 16
VisualStudioVersion = 16.0.30002.166
MinimumVisualStudioVersion = 10.0.40219.1
Project("{FAE04EC0-301F-11D3-BF4B-00C04F79EFBC}") = "SlimeClient", "SlimeClient\SlimeClient.csproj", "{AA344345-4672-437C-8850-DA99BCEEAF0C}"
EndProject
Global
	GlobalSection(SolutionConfigurationPlatforms) = preSolution
		Debug|Any CPU = Debug|Any CPU
		Release|Any CPU = Release|Any CPU
	EndGlobalSection
	GlobalSection(ProjectConfigurationPlatforms) = postSolution
		{AA344345-4672-437C-8850-DA99BCEEAF0C}.Debug|Any CPU.ActiveCfg = Debug|Any CPU
		{AA344345-4672-437C-8850-DA99BCEEAF0C}.Debug|Any CPU.Build.0 = Debug|Any CPU
		{AA344345-4672-437C-8850-DA99BCEEAF0C}.Release|Any CPU.ActiveCfg = Release|Any CPU
		{AA344345-4672-437C-8850-DA99BCEEAF0C}.Release|Any CPU.Build.0 = Release|Any CPU
	EndGlobalSection
	GlobalSection(SolutionProperties) = preSolution
		HideSolutionNode = FALSE
	EndGlobalSection
	GlobalSection(ExtensibilityGlobals) = postSolution
		SolutionGuid = {BF06060B-D812-4608-A96B-3F9C6E2A4FBF}
	EndGlobalSection
EndGlobal
